
Microsoft Visual Studio Solution File, Format Version 12.00
# Visual Studio Version 16
VisualStudioVersion = 16.0.30128.74
MinimumVisualStudioVersion = 10.0.40219.1
Project("{8BC9CEB8-8B4A-11D0-8D11-00A0C91BC942}") = "TestProject", "TestProject.vcxproj", "{727CF707-E39C-46E2-9591-8EDD77AD264A}"
EndProject
Global
	GlobalSection(SolutionConfigurationPlatforms) = preSolution
		Profile|x64 = Profile|x64
		Profile|x86 = Profile|x86
		Release|x64 = Release|x64
		Release|x86 = Release|x86
	EndGlobalSection
	GlobalSection(ProjectConfigurationPlatforms) = postSolution
		{727CF707-E39C-46E2-9591-8EDD77AD264A}.Profile|x64.ActiveCfg = Debug|x64
		{727CF707-E39C-46E2-9591-8EDD77AD264A}.Profile|x64.Build.0 = Debug|x64
		{727CF707-E39C-46E2-9591-8EDD77AD264A}.Profile|x86.ActiveCfg = Debug|Win32
		{727CF707-E39C-46E2-9591-8EDD77AD264A}.Profile|x86.Build.0 = Debug|Win32
		{727CF707-E39C-46E2-9591-8EDD77AD264A}.Release|x64.ActiveCfg = Release|x64
		{727CF707-E39C-46E2-9591-8EDD77AD264A}.Release|x64.Build.0 = Release|x64
		{727CF707-E39C-46E2-9591-8EDD77AD264A}.Release|x86.ActiveCfg = Release|Win32
		{727CF707-E39C-46E2-9591-8EDD77AD264A}.Release|x86.Build.0 = Release|Win32
	EndGlobalSection
	GlobalSection(SolutionProperties) = preSolution
		HideSolutionNode = FALSE
	EndGlobalSection
	GlobalSection(ExtensibilityGlobals) = postSolution
		SolutionGuid = {3CDB0DFC-E39E-4DEB-B2B4-9A6B4A2D57D7}
	EndGlobalSection
EndGlobal
